// !$*UTF8*$!
{
	archiveVersion = 1;
	classes = {
	};
	objectVersion = 55;
	objects = {

/* Begin PBXBuildFile section */
		EB7F359926ABBE120019DE65 /* ViewModel.swift in Sources */ = {isa = PBXBuildFile; fileRef = EB7F359826ABBE120019DE65 /* ViewModel.swift */; };
		EB8ABA3F26BF815700899C73 /* CommentsView.swift in Sources */ = {isa = PBXBuildFile; fileRef = EB8ABA3E26BF815700899C73 /* CommentsView.swift */; };
		EBBF4EF226AA873D0046AC12 /* GuiRedditApp.swift in Sources */ = {isa = PBXBuildFile; fileRef = EBBF4EF126AA873D0046AC12 /* GuiRedditApp.swift */; };
		EBBF4EF426AA873D0046AC12 /* ContentView.swift in Sources */ = {isa = PBXBuildFile; fileRef = EBBF4EF326AA873D0046AC12 /* ContentView.swift */; };
		EBBF4EF626AA87400046AC12 /* Assets.xcassets in Resources */ = {isa = PBXBuildFile; fileRef = EBBF4EF526AA87400046AC12 /* Assets.xcassets */; };
		EBBF4EF926AA87400046AC12 /* Preview Assets.xcassets in Resources */ = {isa = PBXBuildFile; fileRef = EBBF4EF826AA87400046AC12 /* Preview Assets.xcassets */; };
		EBBF4F0226AA87F70046AC12 /* RedditEngine.framework in Frameworks */ = {isa = PBXBuildFile; fileRef = EBBF4F0126AA87F70046AC12 /* RedditEngine.framework */; };
		EBBF4F0426AA87F70046AC12 /* Shared.framework in Frameworks */ = {isa = PBXBuildFile; fileRef = EBBF4F0326AA87F70046AC12 /* Shared.framework */; };
		EBEF8E6526AD124C006AC06E /* SubredditView.swift in Sources */ = {isa = PBXBuildFile; fileRef = EBEF8E6426AD124C006AC06E /* SubredditView.swift */; };
		EBF567AF26CCC2D7003C67DF /* PostView.swift in Sources */ = {isa = PBXBuildFile; fileRef = EBF567AE26CCC2D7003C67DF /* PostView.swift */; };
/* End PBXBuildFile section */

/* Begin PBXFileReference section */
		EB7F359826ABBE120019DE65 /* ViewModel.swift */ = {isa = PBXFileReference; lastKnownFileType = sourcecode.swift; path = ViewModel.swift; sourceTree = "<group>"; };
		EB8ABA3E26BF815700899C73 /* CommentsView.swift */ = {isa = PBXFileReference; lastKnownFileType = sourcecode.swift; path = CommentsView.swift; sourceTree = "<group>"; };
		EBBF4EEE26AA873D0046AC12 /* GuiReddit.app */ = {isa = PBXFileReference; explicitFileType = wrapper.application; includeInIndex = 0; path = GuiReddit.app; sourceTree = BUILT_PRODUCTS_DIR; };
		EBBF4EF126AA873D0046AC12 /* GuiRedditApp.swift */ = {isa = PBXFileReference; lastKnownFileType = sourcecode.swift; path = GuiRedditApp.swift; sourceTree = "<group>"; };
		EBBF4EF326AA873D0046AC12 /* ContentView.swift */ = {isa = PBXFileReference; lastKnownFileType = sourcecode.swift; path = ContentView.swift; sourceTree = "<group>"; };
		EBBF4EF526AA87400046AC12 /* Assets.xcassets */ = {isa = PBXFileReference; lastKnownFileType = folder.assetcatalog; path = Assets.xcassets; sourceTree = "<group>"; };
		EBBF4EF826AA87400046AC12 /* Preview Assets.xcassets */ = {isa = PBXFileReference; lastKnownFileType = folder.assetcatalog; path = "Preview Assets.xcassets"; sourceTree = "<group>"; };
		EBBF4F0126AA87F70046AC12 /* RedditEngine.framework */ = {isa = PBXFileReference; explicitFileType = wrapper.framework; path = RedditEngine.framework; sourceTree = BUILT_PRODUCTS_DIR; };
		EBBF4F0326AA87F70046AC12 /* Shared.framework */ = {isa = PBXFileReference; explicitFileType = wrapper.framework; path = Shared.framework; sourceTree = BUILT_PRODUCTS_DIR; };
		EBEF8E6326ABCB1A006AC06E /* GuiReddit.entitlements */ = {isa = PBXFileReference; lastKnownFileType = text.plist.entitlements; path = GuiReddit.entitlements; sourceTree = "<group>"; };
		EBEF8E6426AD124C006AC06E /* SubredditView.swift */ = {isa = PBXFileReference; lastKnownFileType = sourcecode.swift; path = SubredditView.swift; sourceTree = "<group>"; };
		EBF567AE26CCC2D7003C67DF /* PostView.swift */ = {isa = PBXFileReference; lastKnownFileType = sourcecode.swift; path = PostView.swift; sourceTree = "<group>"; };
/* End PBXFileReference section */

/* Begin PBXFrameworksBuildPhase section */
		EBBF4EEB26AA873D0046AC12 /* Frameworks */ = {
			isa = PBXFrameworksBuildPhase;
			buildActionMask = 2147483647;
			files = (
				EBBF4F0226AA87F70046AC12 /* RedditEngine.framework in Frameworks */,
				EBBF4F0426AA87F70046AC12 /* Shared.framework in Frameworks */,
			);
			runOnlyForDeploymentPostprocessing = 0;
		};
/* End PBXFrameworksBuildPhase section */

/* Begin PBXGroup section */
		EBBF4EE526AA873D0046AC12 = {
			isa = PBXGroup;
			children = (
				EBBF4EF026AA873D0046AC12 /* GuiReddit */,
				EBBF4EEF26AA873D0046AC12 /* Products */,
				EBBF4F0026AA87F70046AC12 /* Frameworks */,
			);
			sourceTree = "<group>";
		};
		EBBF4EEF26AA873D0046AC12 /* Products */ = {
			isa = PBXGroup;
			children = (
				EBBF4EEE26AA873D0046AC12 /* GuiReddit.app */,
			);
			name = Products;
			sourceTree = "<group>";
		};
		EBBF4EF026AA873D0046AC12 /* GuiReddit */ = {
			isa = PBXGroup;
			children = (
				EBEF8E6326ABCB1A006AC06E /* GuiReddit.entitlements */,
				EBBF4EF126AA873D0046AC12 /* GuiRedditApp.swift */,
				EBBF4EF326AA873D0046AC12 /* ContentView.swift */,
				EB7F359826ABBE120019DE65 /* ViewModel.swift */,
				EBBF4EF526AA87400046AC12 /* Assets.xcassets */,
				EBBF4EF726AA87400046AC12 /* Preview Content */,
				EBEF8E6426AD124C006AC06E /* SubredditView.swift */,
				EB8ABA3E26BF815700899C73 /* CommentsView.swift */,
				EBF567AE26CCC2D7003C67DF /* PostView.swift */,
			);
			path = GuiReddit;
			sourceTree = "<group>";
		};
		EBBF4EF726AA87400046AC12 /* Preview Content */ = {
			isa = PBXGroup;
			children = (
				EBBF4EF826AA87400046AC12 /* Preview Assets.xcassets */,
			);
			path = "Preview Content";
			sourceTree = "<group>";
		};
		EBBF4F0026AA87F70046AC12 /* Frameworks */ = {
			isa = PBXGroup;
			children = (
				EBBF4F0126AA87F70046AC12 /* RedditEngine.framework */,
				EBBF4F0326AA87F70046AC12 /* Shared.framework */,
			);
			name = Frameworks;
			sourceTree = "<group>";
		};
/* End PBXGroup section */

/* Begin PBXNativeTarget section */
		EBBF4EED26AA873D0046AC12 /* GuiReddit */ = {
			isa = PBXNativeTarget;
			buildConfigurationList = EBBF4EFC26AA87400046AC12 /* Build configuration list for PBXNativeTarget "GuiReddit" */;
			buildPhases = (
				EBBF4EEA26AA873D0046AC12 /* Sources */,
				EBBF4EEB26AA873D0046AC12 /* Frameworks */,
				EBBF4EEC26AA873D0046AC12 /* Resources */,
			);
			buildRules = (
			);
			dependencies = (
			);
			name = GuiReddit;
			productName = GuiReddit;
			productReference = EBBF4EEE26AA873D0046AC12 /* GuiReddit.app */;
			productType = "com.apple.product-type.application";
		};
/* End PBXNativeTarget section */

/* Begin PBXProject section */
		EBBF4EE626AA873D0046AC12 /* Project object */ = {
			isa = PBXProject;
			attributes = {
				BuildIndependentTargetsInParallel = 1;
				LastSwiftUpdateCheck = 1300;
				LastUpgradeCheck = 1300;
				TargetAttributes = {
					EBBF4EED26AA873D0046AC12 = {
						CreatedOnToolsVersion = 13.0;
					};
				};
			};
			buildConfigurationList = EBBF4EE926AA873D0046AC12 /* Build configuration list for PBXProject "GuiReddit" */;
			compatibilityVersion = "Xcode 13.0";
			developmentRegion = en;
			hasScannedForEncodings = 0;
			knownRegions = (
				en,
				Base,
			);
			mainGroup = EBBF4EE526AA873D0046AC12;
			productRefGroup = EBBF4EEF26AA873D0046AC12 /* Products */;
			projectDirPath = "";
			projectRoot = "";
			targets = (
				EBBF4EED26AA873D0046AC12 /* GuiReddit */,
			);
		};
/* End PBXProject section */

/* Begin PBXResourcesBuildPhase section */
		EBBF4EEC26AA873D0046AC12 /* Resources */ = {
			isa = PBXResourcesBuildPhase;
			buildActionMask = 2147483647;
			files = (
				EBBF4EF926AA87400046AC12 /* Preview Assets.xcassets in Resources */,
				EBBF4EF626AA87400046AC12 /* Assets.xcassets in Resources */,
			);
			runOnlyForDeploymentPostprocessing = 0;
		};
/* End PBXResourcesBuildPhase section */

/* Begin PBXSourcesBuildPhase section */
		EBBF4EEA26AA873D0046AC12 /* Sources */ = {
			isa = PBXSourcesBuildPhase;
			buildActionMask = 2147483647;
			files = (
				EBEF8E6526AD124C006AC06E /* SubredditView.swift in Sources */,
				EBBF4EF426AA873D0046AC12 /* ContentView.swift in Sources */,
				EB8ABA3F26BF815700899C73 /* CommentsView.swift in Sources */,
				EB7F359926ABBE120019DE65 /* ViewModel.swift in Sources */,
				EBF567AF26CCC2D7003C67DF /* PostView.swift in Sources */,
				EBBF4EF226AA873D0046AC12 /* GuiRedditApp.swift in Sources */,
			);
			runOnlyForDeploymentPostprocessing = 0;
		};
/* End PBXSourcesBuildPhase section */

/* Begin XCBuildConfiguration section */
		EBBF4EFA26AA87400046AC12 /* Debug */ = {
			isa = XCBuildConfiguration;
			buildSettings = {
				ALWAYS_SEARCH_USER_PATHS = NO;
				CLANG_ANALYZER_NONNULL = YES;
				CLANG_ANALYZER_NUMBER_OBJECT_CONVERSION = YES_AGGRESSIVE;
				CLANG_CXX_LANGUAGE_STANDARD = "gnu++17";
				CLANG_CXX_LIBRARY = "libc++";
				CLANG_ENABLE_MODULES = YES;
				CLANG_ENABLE_OBJC_ARC = YES;
				CLANG_ENABLE_OBJC_WEAK = YES;
				CLANG_WARN_BLOCK_CAPTURE_AUTORELEASING = YES;
				CLANG_WARN_BOOL_CONVERSION = YES;
				CLANG_WARN_COMMA = YES;
				CLANG_WARN_CONSTANT_CONVERSION = YES;
				CLANG_WARN_DEPRECATED_OBJC_IMPLEMENTATIONS = YES;
				CLANG_WARN_DIRECT_OBJC_ISA_USAGE = YES_ERROR;
				CLANG_WARN_DOCUMENTATION_COMMENTS = YES;
				CLANG_WARN_EMPTY_BODY = YES;
				CLANG_WARN_ENUM_CONVERSION = YES;
				CLANG_WARN_INFINITE_RECURSION = YES;
				CLANG_WARN_INT_CONVERSION = YES;
				CLANG_WARN_NON_LITERAL_NULL_CONVERSION = YES;
				CLANG_WARN_OBJC_IMPLICIT_RETAIN_SELF = YES;
				CLANG_WARN_OBJC_LITERAL_CONVERSION = YES;
				CLANG_WARN_OBJC_ROOT_CLASS = YES_ERROR;
				CLANG_WARN_QUOTED_INCLUDE_IN_FRAMEWORK_HEADER = YES;
				CLANG_WARN_RANGE_LOOP_ANALYSIS = YES;
				CLANG_WARN_STRICT_PROTOTYPES = YES;
				CLANG_WARN_SUSPICIOUS_MOVE = YES;
				CLANG_WARN_UNGUARDED_AVAILABILITY = YES_AGGRESSIVE;
				CLANG_WARN_UNREACHABLE_CODE = YES;
				CLANG_WARN__DUPLICATE_METHOD_MATCH = YES;
				COPY_PHASE_STRIP = NO;
				DEBUG_INFORMATION_FORMAT = dwarf;
				ENABLE_STRICT_OBJC_MSGSEND = YES;
				ENABLE_TESTABILITY = YES;
				GCC_C_LANGUAGE_STANDARD = gnu11;
				GCC_DYNAMIC_NO_PIC = NO;
				GCC_NO_COMMON_BLOCKS = YES;
				GCC_OPTIMIZATION_LEVEL = 0;
				GCC_PREPROCESSOR_DEFINITIONS = (
					"DEBUG=1",
					"$(inherited)",
				);
				GCC_WARN_64_TO_32_BIT_CONVERSION = YES;
				GCC_WARN_ABOUT_RETURN_TYPE = YES_ERROR;
				GCC_WARN_UNDECLARED_SELECTOR = YES;
				GCC_WARN_UNINITIALIZED_AUTOS = YES_AGGRESSIVE;
				GCC_WARN_UNUSED_FUNCTION = YES;
				GCC_WARN_UNUSED_VARIABLE = YES;
				MACOSX_DEPLOYMENT_TARGET = 12.0;
				MTL_ENABLE_DEBUG_INFO = INCLUDE_SOURCE;
				MTL_FAST_MATH = YES;
				ONLY_ACTIVE_ARCH = YES;
				SDKROOT = macosx;
				SWIFT_ACTIVE_COMPILATION_CONDITIONS = DEBUG;
				SWIFT_OPTIMIZATION_LEVEL = "-Onone";
			};
			name = Debug;
		};
		EBBF4EFB26AA87400046AC12 /* Release */ = {
			isa = XCBuildConfiguration;
			buildSettings = {
				ALWAYS_SEARCH_USER_PATHS = NO;
				CLANG_ANALYZER_NONNULL = YES;
				CLANG_ANALYZER_NUMBER_OBJECT_CONVERSION = YES_AGGRESSIVE;
				CLANG_CXX_LANGUAGE_STANDARD = "gnu++17";
				CLANG_CXX_LIBRARY = "libc++";
				CLANG_ENABLE_MODULES = YES;
				CLANG_ENABLE_OBJC_ARC = YES;
				CLANG_ENABLE_OBJC_WEAK = YES;
				CLANG_WARN_BLOCK_CAPTURE_AUTORELEASING = YES;
				CLANG_WARN_BOOL_CONVERSION = YES;
				CLANG_WARN_COMMA = YES;
				CLANG_WARN_CONSTANT_CONVERSION = YES;
				CLANG_WARN_DEPRECATED_OBJC_IMPLEMENTATIONS = YES;
				CLANG_WARN_DIRECT_OBJC_ISA_USAGE = YES_ERROR;
				CLANG_WARN_DOCUMENTATION_COMMENTS = YES;
				CLANG_WARN_EMPTY_BODY = YES;
				CLANG_WARN_ENUM_CONVERSION = YES;
				CLANG_WARN_INFINITE_RECURSION = YES;
				CLANG_WARN_INT_CONVERSION = YES;
				CLANG_WARN_NON_LITERAL_NULL_CONVERSION = YES;
				CLANG_WARN_OBJC_IMPLICIT_RETAIN_SELF = YES;
				CLANG_WARN_OBJC_LITERAL_CONVERSION = YES;
				CLANG_WARN_OBJC_ROOT_CLASS = YES_ERROR;
				CLANG_WARN_QUOTED_INCLUDE_IN_FRAMEWORK_HEADER = YES;
				CLANG_WARN_RANGE_LOOP_ANALYSIS = YES;
				CLANG_WARN_STRICT_PROTOTYPES = YES;
				CLANG_WARN_SUSPICIOUS_MOVE = YES;
				CLANG_WARN_UNGUARDED_AVAILABILITY = YES_AGGRESSIVE;
				CLANG_WARN_UNREACHABLE_CODE = YES;
				CLANG_WARN__DUPLICATE_METHOD_MATCH = YES;
				COPY_PHASE_STRIP = NO;
				DEBUG_INFORMATION_FORMAT = "dwarf-with-dsym";
				ENABLE_NS_ASSERTIONS = NO;
				ENABLE_STRICT_OBJC_MSGSEND = YES;
				GCC_C_LANGUAGE_STANDARD = gnu11;
				GCC_NO_COMMON_BLOCKS = YES;
				GCC_WARN_64_TO_32_BIT_CONVERSION = YES;
				GCC_WARN_ABOUT_RETURN_TYPE = YES_ERROR;
				GCC_WARN_UNDECLARED_SELECTOR = YES;
				GCC_WARN_UNINITIALIZED_AUTOS = YES_AGGRESSIVE;
				GCC_WARN_UNUSED_FUNCTION = YES;
				GCC_WARN_UNUSED_VARIABLE = YES;
				MACOSX_DEPLOYMENT_TARGET = 12.0;
				MTL_ENABLE_DEBUG_INFO = NO;
				MTL_FAST_MATH = YES;
				SDKROOT = macosx;
				SWIFT_COMPILATION_MODE = wholemodule;
				SWIFT_OPTIMIZATION_LEVEL = "-O";
			};
			name = Release;
		};
		EBBF4EFD26AA87400046AC12 /* Debug */ = {
			isa = XCBuildConfiguration;
			buildSettings = {
				ASSETCATALOG_COMPILER_APPICON_NAME = AppIcon;
				ASSETCATALOG_COMPILER_GLOBAL_ACCENT_COLOR_NAME = AccentColor;
				CODE_SIGN_ENTITLEMENTS = GuiReddit/GuiReddit.entitlements;
				CODE_SIGN_STYLE = Automatic;
				COMBINE_HIDPI_IMAGES = YES;
				CURRENT_PROJECT_VERSION = 1;
				DEVELOPMENT_ASSET_PATHS = "\"GuiReddit/Preview Content\"";
				ENABLE_APP_SANDBOX = YES;
				ENABLE_PREVIEWS = YES;
				ENABLE_USER_SELECTED_FILES = readonly;
				GENERATE_INFOPLIST_FILE = YES;
				INFOPLIST_KEY_NSHumanReadableCopyright = "";
				LD_RUNPATH_SEARCH_PATHS = (
					"$(inherited)",
					"@executable_path/../Frameworks",
				);
				MACOSX_DEPLOYMENT_TARGET = 12.0;
				MARKETING_VERSION = 1.0;
				PRODUCT_BUNDLE_IDENTIFIER = ca.yzabuair.GuiReddit;
				PRODUCT_NAME = "$(TARGET_NAME)";
				SWIFT_EMIT_LOC_STRINGS = YES;
				SWIFT_VERSION = 5.0;
			};
			name = Debug;
		};
		EBBF4EFE26AA87400046AC12 /* Release */ = {
			isa = XCBuildConfiguration;
			buildSettings = {
				ASSETCATALOG_COMPILER_APPICON_NAME = AppIcon;
				ASSETCATALOG_COMPILER_GLOBAL_ACCENT_COLOR_NAME = AccentColor;
				CODE_SIGN_ENTITLEMENTS = GuiReddit/GuiReddit.entitlements;
				CODE_SIGN_STYLE = Automatic;
				COMBINE_HIDPI_IMAGES = YES;
				CURRENT_PROJECT_VERSION = 1;
				DEVELOPMENT_ASSET_PATHS = "\"GuiReddit/Preview Content\"";
				ENABLE_APP_SANDBOX = YES;
				ENABLE_PREVIEWS = YES;
				ENABLE_USER_SELECTED_FILES = readonly;
				GENERATE_INFOPLIST_FILE = YES;
				INFOPLIST_KEY_NSHumanReadableCopyright = "";
				LD_RUNPATH_SEARCH_PATHS = (
					"$(inherited)",
					"@executable_path/../Frameworks",
				);
				MACOSX_DEPLOYMENT_TARGET = 12.0;
				MARKETING_VERSION = 1.0;
				PRODUCT_BUNDLE_IDENTIFIER = ca.yzabuair.GuiReddit;
				PRODUCT_NAME = "$(TARGET_NAME)";
				SWIFT_EMIT_LOC_STRINGS = YES;
				SWIFT_VERSION = 5.0;
			};
			name = Release;
		};
/* End XCBuildConfiguration section */

/* Begin XCConfigurationList section */
		EBBF4EE926AA873D0046AC12 /* Build configuration list for PBXProject "GuiReddit" */ = {
			isa = XCConfigurationList;
			buildConfigurations = (
				EBBF4EFA26AA87400046AC12 /* Debug */,
				EBBF4EFB26AA87400046AC12 /* Release */,
			);
			defaultConfigurationIsVisible = 0;
			defaultConfigurationName = Release;
		};
		EBBF4EFC26AA87400046AC12 /* Build configuration list for PBXNativeTarget "GuiReddit" */ = {
			isa = XCConfigurationList;
			buildConfigurations = (
				EBBF4EFD26AA87400046AC12 /* Debug */,
				EBBF4EFE26AA87400046AC12 /* Release */,
			);
			defaultConfigurationIsVisible = 0;
			defaultConfigurationName = Release;
		};
/* End XCConfigurationList section */
	};
	rootObject = EBBF4EE626AA873D0046AC12 /* Project object */;
}
